{"is_source_file": false, "format": "", "description": "", "external_files": [], "external_methods": [], "published": [], "classes": [], "methods": [], "calls": [], "search-terms": [], "state": 2, "file_id": 9, "knowledge_revision": 29, "git_revision": "c9845d1eff873725de791b4a4773027cacdcc6cc", "filename": "/tmp/kavia/workspace/code-generation/easycalc-146202-6726090b/easycalc_frontend/post_process_status.lock", "hash": "9c4ed7ef73e22b872b8055bec08b8979", "format-version": 4, "code-base-name": "default", "revision_history": [{"29": "c9845d1eff873725de791b4a4773027cacdcc6cc"}]}